<?xml version="1.0" encoding="utf-8"?>
<Project ToolsVersion="17.0" xmlns="http://schemas.microsoft.com/developer/msbuild/2003">
  <ItemGroup>
    <ClCompile Include="..\..\examples\shader_plaything\src\main.cpp">
      <Filter>src</Filter>
    </ClCompile>
    <ClCompile Include="..\..\examples\shader_plaything\src\shader_plaything.cpp">
      <Filter>src</Filter>
    </ClCompile>
    <ClCompile Include="..\..\third_party\ImGuiColorTextEdit\TextEditor.cpp">
      <Filter>third_party\ImGuiColorTextEdit</Filter>
    </ClCompile>
    <ClCompile Include="..\..\third_party\imguifiledialog\ImGuiFileDialog.cpp">
      <Filter>third_party\imguifiledialog</Filter>
    </ClCompile>
  </ItemGroup>
  <ItemGroup>
    <ClInclude Include="..\..\examples\shader_plaything\compile_shaders.bat" />
    <ClInclude Include="..\..\examples\shader_plaything\include\shader_plaything.h">
      <Filter>include</Filter>
    </ClInclude>
    <ClInclude Include="..\..\examples\shader_plaything\res\shaders\common.hlsli">
      <Filter>res\shaders</Filter>
    </ClInclude>
    <ClInclude Include="..\..\examples\shader_plaything\res\shaders\fun_sim.hlsl">
      <Filter>res\shaders</Filter>
    </ClInclude>
    <ClInclude Include="..\..\examples\shader_plaything\res\shaders\screen_quad.hlsli">
      <Filter>res\shaders</Filter>
    </ClInclude>
    <ClInclude Include="..\..\examples\shader_plaything\res\shaders\screen_quad_ps.hlsl">
      <Filter>res\shaders</Filter>
    </ClInclude>
    <ClInclude Include="..\..\examples\shader_plaything\res\shaders\screen_quad_vs.hlsl">
      <Filter>res\shaders</Filter>
    </ClInclude>
    <ClInclude Include="..\..\res\shaders.shlib">
      <Filter>res</Filter>
    </ClInclude>
  </ItemGroup>
  <ItemGroup>
    <CustomBuild Include="shaderplaything_runtimedependencies.txt" />
  </ItemGroup>
  <ItemGroup>
    <Filter Include="include">
      <UniqueIdentifier>{0feb36d4-ded9-b510-4a82-8ce6435f7e81}</UniqueIdentifier>
    </Filter>
    <Filter Include="res">
      <UniqueIdentifier>{6771209b-38e5-471c-682c-6b4f58a623fb}</UniqueIdentifier>
    </Filter>
    <Filter Include="res\shaders">
      <UniqueIdentifier>{13584a2a-e6d8-d9f5-88aa-cb18e7a1cd51}</UniqueIdentifier>
    </Filter>
    <Filter Include="src">
      <UniqueIdentifier>{c202d925-8342-8cab-fbac-54dfa101ad31}</UniqueIdentifier>
    </Filter>
    <Filter Include="third_party">
      <UniqueIdentifier>{5d0e2315-94ad-aeff-fa7b-526c0c1e89e5}</UniqueIdentifier>
    </Filter>
    <Filter Include="third_party\ImGuiColorTextEdit">
      <UniqueIdentifier>{9ad9e00d-b3e4-249a-e110-b09faba3cd0a}</UniqueIdentifier>
    </Filter>
    <Filter Include="third_party\imguifiledialog">
      <UniqueIdentifier>{0b363a44-e9a7-ee2a-78f4-4fce5ba0d5d9}</UniqueIdentifier>
    </Filter>
  </ItemGroup>
</Project>